// !$*UTF8*$!
{
	archiveVersion = 1;
	classes = {
	};
	objectVersion = 50;
	objects = {

/* Begin PBXBuildFile section */
		2D3B946F25B975B300750421 /* HumanInterface.swift in Sources */ = {isa = PBXBuildFile; fileRef = 2D3B946E25B975B300750421 /* HumanInterface.swift */; };
		2D3C840025B3816B009394F2 /* ModelRoad.swift in Sources */ = {isa = PBXBuildFile; fileRef = 2D3C83FF25B3816B009394F2 /* ModelRoad.swift */; };
		2D3C929925BB8495001A0538 /* libswiftNetwork.tbd in Frameworks */ = {isa = PBXBuildFile; fileRef = 2D3C929825BB8495001A0538 /* libswiftNetwork.tbd */; };
		2D3F64B925BA37A40061D108 /* 3DRoadModel.swift in Sources */ = {isa = PBXBuildFile; fileRef = 2D3F64B825BA37A40061D108 /* 3DRoadModel.swift */; };
		2D3F64BE25BA42480061D108 /* 3DRoadViewController.swift in Sources */ = {isa = PBXBuildFile; fileRef = 2D3F64BD25BA42480061D108 /* 3DRoadViewController.swift */; };
		2D50664225C0467D007EEAFF /* GestureManager.swift in Sources */ = {isa = PBXBuildFile; fileRef = 2D50664125C0467D007EEAFF /* GestureManager.swift */; };
		2DE0E11125C4C21E00FC49E9 /* ScoreViewController.swift in Sources */ = {isa = PBXBuildFile; fileRef = 2DE0E10D25C4C21E00FC49E9 /* ScoreViewController.swift */; };
		2DE0E11225C4C21E00FC49E9 /* ScoreDataObject.swift in Sources */ = {isa = PBXBuildFile; fileRef = 2DE0E10E25C4C21E00FC49E9 /* ScoreDataObject.swift */; };
		2DE0E11325C4C21E00FC49E9 /* ScoreView.swift in Sources */ = {isa = PBXBuildFile; fileRef = 2DE0E10F25C4C21E00FC49E9 /* ScoreView.swift */; };
		2DE0E11425C4C21E00FC49E9 /* ScoreModel.swift in Sources */ = {isa = PBXBuildFile; fileRef = 2DE0E11025C4C21E00FC49E9 /* ScoreModel.swift */; };
		2DE0E11725C4C39400FC49E9 /* PreferenceManager.swift in Sources */ = {isa = PBXBuildFile; fileRef = 2DE0E11625C4C39400FC49E9 /* PreferenceManager.swift */; };
		2DE0E11F25C512CA00FC49E9 /* NetworkManager.swift in Sources */ = {isa = PBXBuildFile; fileRef = 2DE0E11E25C512CA00FC49E9 /* NetworkManager.swift */; };
		2DE0E12725C512E800FC49E9 /* ChatViewController.swift in Sources */ = {isa = PBXBuildFile; fileRef = 2DE0E12225C512E800FC49E9 /* ChatViewController.swift */; };
		2DE0E12825C512E800FC49E9 /* MessageTableViewCell.swift in Sources */ = {isa = PBXBuildFile; fileRef = 2DE0E12325C512E800FC49E9 /* MessageTableViewCell.swift */; };
		2DE0E12925C512E800FC49E9 /* MessageModel.swift in Sources */ = {isa = PBXBuildFile; fileRef = 2DE0E12425C512E800FC49E9 /* MessageModel.swift */; };
		2DE0E12A25C512E800FC49E9 /* MessageTableViewCell.xib in Resources */ = {isa = PBXBuildFile; fileRef = 2DE0E12525C512E800FC49E9 /* MessageTableViewCell.xib */; };
		2DEFE59925C0C17A009E61C2 /* SoundManager.swift in Sources */ = {isa = PBXBuildFile; fileRef = 2DEFE59825C0C17A009E61C2 /* SoundManager.swift */; };
		2DEFE5A625C0C376009E61C2 /* squeeze-toy-1.mp3 in Resources */ = {isa = PBXBuildFile; fileRef = 2DEFE5A225C0C376009E61C2 /* squeeze-toy-1.mp3 */; };
		2DEFE5A725C0C376009E61C2 /* midnight-ride-01a.mp3 in Resources */ = {isa = PBXBuildFile; fileRef = 2DEFE5A325C0C376009E61C2 /* midnight-ride-01a.mp3 */; };
		2DEFE5A825C0C376009E61C2 /* son.mp3 in Resources */ = {isa = PBXBuildFile; fileRef = 2DEFE5A425C0C376009E61C2 /* son.mp3 */; };
		2DEFE5A925C0C376009E61C2 /* son-etoile.mp3 in Resources */ = {isa = PBXBuildFile; fileRef = 2DEFE5A525C0C376009E61C2 /* son-etoile.mp3 */; };
		2DEFE5AC25C10903009E61C2 /* MotionManager.swift in Sources */ = {isa = PBXBuildFile; fileRef = 2DEFE5AB25C10903009E61C2 /* MotionManager.swift */; };
		2DEFE5B025C15A0B009E61C2 /* HumanInterface.storyboard in Resources */ = {isa = PBXBuildFile; fileRef = 2DEFE5AF25C15A0B009E61C2 /* HumanInterface.storyboard */; };
		2DFD101425AF8AA40041E21B /* AppDelegate.swift in Sources */ = {isa = PBXBuildFile; fileRef = 2DFD101325AF8AA40041E21B /* AppDelegate.swift */; };
		2DFD101625AF8AA40041E21B /* SceneDelegate.swift in Sources */ = {isa = PBXBuildFile; fileRef = 2DFD101525AF8AA40041E21B /* SceneDelegate.swift */; };
		2DFD101825AF8AA40041E21B /* WelcomeViewController.swift in Sources */ = {isa = PBXBuildFile; fileRef = 2DFD101725AF8AA40041E21B /* WelcomeViewController.swift */; };
		2DFD101B25AF8AA40041E21B /* Main.storyboard in Resources */ = {isa = PBXBuildFile; fileRef = 2DFD101925AF8AA40041E21B /* Main.storyboard */; };
		2DFD101D25AF8AA40041E21B /* Assets.xcassets in Resources */ = {isa = PBXBuildFile; fileRef = 2DFD101C25AF8AA40041E21B /* Assets.xcassets */; };
		2DFD102025AF8AA40041E21B /* LaunchScreen.storyboard in Resources */ = {isa = PBXBuildFile; fileRef = 2DFD101E25AF8AA40041E21B /* LaunchScreen.storyboard */; };
		2DFD102A25AF8B1B0041E21B /* WelcomeView.swift in Sources */ = {isa = PBXBuildFile; fileRef = 2DFD102925AF8B1B0041E21B /* WelcomeView.swift */; };
		2DFD102E25AF8E940041E21B /* GameView.swift in Sources */ = {isa = PBXBuildFile; fileRef = 2DFD102D25AF8E940041E21B /* GameView.swift */; };
		2DFD103125AF8FD60041E21B /* GameViewController.swift in Sources */ = {isa = PBXBuildFile; fileRef = 2DFD103025AF8FD60041E21B /* GameViewController.swift */; };
		2DFD103F25AFA9690041E21B /* MessageViewController.swift in Sources */ = {isa = PBXBuildFile; fileRef = 2DFD103E25AFA9690041E21B /* MessageViewController.swift */; };
		2DFD104225AFA96F0041E21B /* MessageView.swift in Sources */ = {isa = PBXBuildFile; fileRef = 2DFD104125AFA96F0041E21B /* MessageView.swift */; };
		CCE2A75525C483B000D1062D /* SettingsView.swift in Sources */ = {isa = PBXBuildFile; fileRef = CCE2A75425C483B000D1062D /* SettingsView.swift */; };
/* End PBXBuildFile section */

/* Begin PBXFileReference section */
		2D3B946E25B975B300750421 /* HumanInterface.swift */ = {isa = PBXFileReference; lastKnownFileType = sourcecode.swift; path = HumanInterface.swift; sourceTree = "<group>"; };
		2D3C83FF25B3816B009394F2 /* ModelRoad.swift */ = {isa = PBXFileReference; lastKnownFileType = sourcecode.swift; path = ModelRoad.swift; sourceTree = "<group>"; };
		2D3C929825BB8495001A0538 /* libswiftNetwork.tbd */ = {isa = PBXFileReference; lastKnownFileType = "sourcecode.text-based-dylib-definition"; name = libswiftNetwork.tbd; path = usr/lib/swift/libswiftNetwork.tbd; sourceTree = SDKROOT; };
		2D3F64B825BA37A40061D108 /* 3DRoadModel.swift */ = {isa = PBXFileReference; lastKnownFileType = sourcecode.swift; path = 3DRoadModel.swift; sourceTree = "<group>"; };
		2D3F64BD25BA42480061D108 /* 3DRoadViewController.swift */ = {isa = PBXFileReference; lastKnownFileType = sourcecode.swift; path = 3DRoadViewController.swift; sourceTree = "<group>"; };
		2D50664125C0467D007EEAFF /* GestureManager.swift */ = {isa = PBXFileReference; fileEncoding = 4; lastKnownFileType = sourcecode.swift; path = GestureManager.swift; sourceTree = "<group>"; };
		2DE0E10D25C4C21E00FC49E9 /* ScoreViewController.swift */ = {isa = PBXFileReference; fileEncoding = 4; lastKnownFileType = sourcecode.swift; path = ScoreViewController.swift; sourceTree = "<group>"; };
		2DE0E10E25C4C21E00FC49E9 /* ScoreDataObject.swift */ = {isa = PBXFileReference; fileEncoding = 4; lastKnownFileType = sourcecode.swift; path = ScoreDataObject.swift; sourceTree = "<group>"; };
		2DE0E10F25C4C21E00FC49E9 /* ScoreView.swift */ = {isa = PBXFileReference; fileEncoding = 4; lastKnownFileType = sourcecode.swift; path = ScoreView.swift; sourceTree = "<group>"; };
		2DE0E11025C4C21E00FC49E9 /* ScoreModel.swift */ = {isa = PBXFileReference; fileEncoding = 4; lastKnownFileType = sourcecode.swift; path = ScoreModel.swift; sourceTree = "<group>"; };
		2DE0E11625C4C39400FC49E9 /* PreferenceManager.swift */ = {isa = PBXFileReference; fileEncoding = 4; lastKnownFileType = sourcecode.swift; path = PreferenceManager.swift; sourceTree = "<group>"; };
		2DE0E11E25C512CA00FC49E9 /* NetworkManager.swift */ = {isa = PBXFileReference; fileEncoding = 4; lastKnownFileType = sourcecode.swift; path = NetworkManager.swift; sourceTree = "<group>"; };
		2DE0E12225C512E800FC49E9 /* ChatViewController.swift */ = {isa = PBXFileReference; fileEncoding = 4; lastKnownFileType = sourcecode.swift; path = ChatViewController.swift; sourceTree = "<group>"; };
		2DE0E12325C512E800FC49E9 /* MessageTableViewCell.swift */ = {isa = PBXFileReference; fileEncoding = 4; lastKnownFileType = sourcecode.swift; path = MessageTableViewCell.swift; sourceTree = "<group>"; };
		2DE0E12425C512E800FC49E9 /* MessageModel.swift */ = {isa = PBXFileReference; fileEncoding = 4; lastKnownFileType = sourcecode.swift; path = MessageModel.swift; sourceTree = "<group>"; };
		2DE0E12525C512E800FC49E9 /* MessageTableViewCell.xib */ = {isa = PBXFileReference; fileEncoding = 4; lastKnownFileType = file.xib; path = MessageTableViewCell.xib; sourceTree = "<group>"; };
		2DEFE59825C0C17A009E61C2 /* SoundManager.swift */ = {isa = PBXFileReference; fileEncoding = 4; lastKnownFileType = sourcecode.swift; path = SoundManager.swift; sourceTree = "<group>"; };
		2DEFE5A225C0C376009E61C2 /* squeeze-toy-1.mp3 */ = {isa = PBXFileReference; lastKnownFileType = audio.mp3; path = "squeeze-toy-1.mp3"; sourceTree = "<group>"; };
		2DEFE5A325C0C376009E61C2 /* midnight-ride-01a.mp3 */ = {isa = PBXFileReference; lastKnownFileType = audio.mp3; path = "midnight-ride-01a.mp3"; sourceTree = "<group>"; };
		2DEFE5A425C0C376009E61C2 /* son.mp3 */ = {isa = PBXFileReference; lastKnownFileType = audio.mp3; path = son.mp3; sourceTree = "<group>"; };
		2DEFE5A525C0C376009E61C2 /* son-etoile.mp3 */ = {isa = PBXFileReference; lastKnownFileType = audio.mp3; path = "son-etoile.mp3"; sourceTree = "<group>"; };
		2DEFE5AB25C10903009E61C2 /* MotionManager.swift */ = {isa = PBXFileReference; fileEncoding = 4; lastKnownFileType = sourcecode.swift; path = MotionManager.swift; sourceTree = "<group>"; };
		2DEFE5AF25C15A0B009E61C2 /* HumanInterface.storyboard */ = {isa = PBXFileReference; lastKnownFileType = file.storyboard; path = HumanInterface.storyboard; sourceTree = "<group>"; };
		2DFD101025AF8AA40041E21B /* projet-ppm.app */ = {isa = PBXFileReference; explicitFileType = wrapper.application; includeInIndex = 0; path = "projet-ppm.app"; sourceTree = BUILT_PRODUCTS_DIR; };
		2DFD101325AF8AA40041E21B /* AppDelegate.swift */ = {isa = PBXFileReference; lastKnownFileType = sourcecode.swift; path = AppDelegate.swift; sourceTree = "<group>"; };
		2DFD101525AF8AA40041E21B /* SceneDelegate.swift */ = {isa = PBXFileReference; lastKnownFileType = sourcecode.swift; path = SceneDelegate.swift; sourceTree = "<group>"; };
		2DFD101725AF8AA40041E21B /* WelcomeViewController.swift */ = {isa = PBXFileReference; lastKnownFileType = sourcecode.swift; path = WelcomeViewController.swift; sourceTree = "<group>"; };
		2DFD101A25AF8AA40041E21B /* Base */ = {isa = PBXFileReference; lastKnownFileType = file.storyboard; name = Base; path = Base.lproj/Main.storyboard; sourceTree = "<group>"; };
		2DFD101C25AF8AA40041E21B /* Assets.xcassets */ = {isa = PBXFileReference; lastKnownFileType = folder.assetcatalog; path = Assets.xcassets; sourceTree = "<group>"; };
		2DFD101F25AF8AA40041E21B /* Base */ = {isa = PBXFileReference; lastKnownFileType = file.storyboard; name = Base; path = Base.lproj/LaunchScreen.storyboard; sourceTree = "<group>"; };
		2DFD102125AF8AA40041E21B /* Info.plist */ = {isa = PBXFileReference; lastKnownFileType = text.plist.xml; path = Info.plist; sourceTree = "<group>"; };
		2DFD102925AF8B1B0041E21B /* WelcomeView.swift */ = {isa = PBXFileReference; lastKnownFileType = sourcecode.swift; path = WelcomeView.swift; sourceTree = "<group>"; };
		2DFD102D25AF8E940041E21B /* GameView.swift */ = {isa = PBXFileReference; lastKnownFileType = sourcecode.swift; path = GameView.swift; sourceTree = "<group>"; };
		2DFD103025AF8FD60041E21B /* GameViewController.swift */ = {isa = PBXFileReference; lastKnownFileType = sourcecode.swift; path = GameViewController.swift; sourceTree = "<group>"; };
		2DFD103E25AFA9690041E21B /* MessageViewController.swift */ = {isa = PBXFileReference; fileEncoding = 4; lastKnownFileType = sourcecode.swift; path = MessageViewController.swift; sourceTree = "<group>"; };
		2DFD104125AFA96F0041E21B /* MessageView.swift */ = {isa = PBXFileReference; fileEncoding = 4; lastKnownFileType = sourcecode.swift; path = MessageView.swift; sourceTree = "<group>"; };
		CCE2A75425C483B000D1062D /* SettingsView.swift */ = {isa = PBXFileReference; lastKnownFileType = sourcecode.swift; path = SettingsView.swift; sourceTree = "<group>"; };
/* End PBXFileReference section */

/* Begin PBXFrameworksBuildPhase section */
		2DFD100D25AF8AA40041E21B /* Frameworks */ = {
			isa = PBXFrameworksBuildPhase;
			buildActionMask = 2147483647;
			files = (
				2D3C929925BB8495001A0538 /* libswiftNetwork.tbd in Frameworks */,
			);
			runOnlyForDeploymentPostprocessing = 0;
		};
/* End PBXFrameworksBuildPhase section */

/* Begin PBXGroup section */
		2D3B946825B9732800750421 /* Game */ = {
			isa = PBXGroup;
			children = (
				2D3F64BC25BA42290061D108 /* 3DRoad */,
				2D3B946E25B975B300750421 /* HumanInterface.swift */,
				2DFD102D25AF8E940041E21B /* GameView.swift */,
				2DFD103025AF8FD60041E21B /* GameViewController.swift */,
				2D3C83FF25B3816B009394F2 /* ModelRoad.swift */,
			);
			path = Game;
			sourceTree = "<group>";
		};
		2D3B946A25B9736700750421 /* Messagerie */ = {
			isa = PBXGroup;
			children = (
				2DE0E12425C512E800FC49E9 /* MessageModel.swift */,
				2DE0E12325C512E800FC49E9 /* MessageTableViewCell.swift */,
				2DE0E12525C512E800FC49E9 /* MessageTableViewCell.xib */,
				2DE0E12225C512E800FC49E9 /* ChatViewController.swift */,
				2DFD104125AFA96F0041E21B /* MessageView.swift */,
				2DFD103E25AFA9690041E21B /* MessageViewController.swift */,
			);
			path = Messagerie;
			sourceTree = "<group>";
		};
		2D3B947925B976B100750421 /* Welcome */ = {
			isa = PBXGroup;
			children = (
				2DFD102925AF8B1B0041E21B /* WelcomeView.swift */,
				2DFD101725AF8AA40041E21B /* WelcomeViewController.swift */,
				CCE2A75425C483B000D1062D /* SettingsView.swift */,
			);
			path = Welcome;
			sourceTree = "<group>";
		};
		2D3C929725BB8495001A0538 /* Frameworks */ = {
			isa = PBXGroup;
			children = (
				2D3C929825BB8495001A0538 /* libswiftNetwork.tbd */,
			);
			name = Frameworks;
			sourceTree = "<group>";
		};
		2D3F64BC25BA42290061D108 /* 3DRoad */ = {
			isa = PBXGroup;
			children = (
				2D3F64B825BA37A40061D108 /* 3DRoadModel.swift */,
				2D3F64BD25BA42480061D108 /* 3DRoadViewController.swift */,
			);
			path = 3DRoad;
			sourceTree = "<group>";
		};
		2DE0E10C25C4C21E00FC49E9 /* Score */ = {
			isa = PBXGroup;
			children = (
				2DE0E10D25C4C21E00FC49E9 /* ScoreViewController.swift */,
				2DE0E10E25C4C21E00FC49E9 /* ScoreDataObject.swift */,
				2DE0E10F25C4C21E00FC49E9 /* ScoreView.swift */,
				2DE0E11025C4C21E00FC49E9 /* ScoreModel.swift */,
			);
			path = Score;
			sourceTree = "<group>";
		};
		2DEFE59B25C0C18D009E61C2 /* features */ = {
			isa = PBXGroup;
			children = (
				2DE0E11E25C512CA00FC49E9 /* NetworkManager.swift */,
				2D50664125C0467D007EEAFF /* GestureManager.swift */,
				2DEFE59825C0C17A009E61C2 /* SoundManager.swift */,
				2DEFE5AB25C10903009E61C2 /* MotionManager.swift */,
				2DE0E11625C4C39400FC49E9 /* PreferenceManager.swift */,
			);
			path = features;
			sourceTree = "<group>";
		};
		2DEFE5A125C0C302009E61C2 /* sound */ = {
			isa = PBXGroup;
			children = (
				2DEFE5A325C0C376009E61C2 /* midnight-ride-01a.mp3 */,
				2DEFE5A525C0C376009E61C2 /* son-etoile.mp3 */,
				2DEFE5A425C0C376009E61C2 /* son.mp3 */,
				2DEFE5A225C0C376009E61C2 /* squeeze-toy-1.mp3 */,
			);
			path = sound;
			sourceTree = "<group>";
		};
		2DFD100725AF8AA40041E21B = {
			isa = PBXGroup;
			children = (
				2DFD101225AF8AA40041E21B /* projet-ppm */,
				2DFD101125AF8AA40041E21B /* Products */,
				2D3C929725BB8495001A0538 /* Frameworks */,
			);
			sourceTree = "<group>";
		};
		2DFD101125AF8AA40041E21B /* Products */ = {
			isa = PBXGroup;
			children = (
				2DFD101025AF8AA40041E21B /* projet-ppm.app */,
			);
			name = Products;
			sourceTree = "<group>";
		};
		2DFD101225AF8AA40041E21B /* projet-ppm */ = {
			isa = PBXGroup;
			children = (
				2DE0E10C25C4C21E00FC49E9 /* Score */,
				2DFD101325AF8AA40041E21B /* AppDelegate.swift */,
				2DFD101525AF8AA40041E21B /* SceneDelegate.swift */,
				2DEFE59B25C0C18D009E61C2 /* features */,
				2D3B947925B976B100750421 /* Welcome */,
				2D3B946A25B9736700750421 /* Messagerie */,
				2D3B946825B9732800750421 /* Game */,
				2DFD101925AF8AA40041E21B /* Main.storyboard */,
				2DEFE5AF25C15A0B009E61C2 /* HumanInterface.storyboard */,
				2DFD101E25AF8AA40041E21B /* LaunchScreen.storyboard */,
				2DFD102125AF8AA40041E21B /* Info.plist */,
				2DFD101C25AF8AA40041E21B /* Assets.xcassets */,
				2DEFE5A125C0C302009E61C2 /* sound */,
			);
			path = "projet-ppm";
			sourceTree = "<group>";
		};
/* End PBXGroup section */

/* Begin PBXNativeTarget section */
		2DFD100F25AF8AA40041E21B /* projet-ppm */ = {
			isa = PBXNativeTarget;
			buildConfigurationList = 2DFD102425AF8AA40041E21B /* Build configuration list for PBXNativeTarget "projet-ppm" */;
			buildPhases = (
				2DFD100C25AF8AA40041E21B /* Sources */,
				2DFD100D25AF8AA40041E21B /* Frameworks */,
				2DFD100E25AF8AA40041E21B /* Resources */,
			);
			buildRules = (
			);
			dependencies = (
			);
			name = "projet-ppm";
			productName = "projet-ppm";
			productReference = 2DFD101025AF8AA40041E21B /* projet-ppm.app */;
			productType = "com.apple.product-type.application";
		};
/* End PBXNativeTarget section */

/* Begin PBXProject section */
		2DFD100825AF8AA40041E21B /* Project object */ = {
			isa = PBXProject;
			attributes = {
				LastSwiftUpdateCheck = 1230;
				LastUpgradeCheck = 1230;
				TargetAttributes = {
					2DFD100F25AF8AA40041E21B = {
						CreatedOnToolsVersion = 12.3;
					};
				};
			};
			buildConfigurationList = 2DFD100B25AF8AA40041E21B /* Build configuration list for PBXProject "projet-ppm" */;
			compatibilityVersion = "Xcode 9.3";
			developmentRegion = en;
			hasScannedForEncodings = 0;
			knownRegions = (
				en,
				Base,
			);
			mainGroup = 2DFD100725AF8AA40041E21B;
			productRefGroup = 2DFD101125AF8AA40041E21B /* Products */;
			projectDirPath = "";
			projectRoot = "";
			targets = (
				2DFD100F25AF8AA40041E21B /* projet-ppm */,
			);
		};
/* End PBXProject section */

/* Begin PBXResourcesBuildPhase section */
		2DFD100E25AF8AA40041E21B /* Resources */ = {
			isa = PBXResourcesBuildPhase;
			buildActionMask = 2147483647;
			files = (
				2DEFE5A925C0C376009E61C2 /* son-etoile.mp3 in Resources */,
				2DE0E12A25C512E800FC49E9 /* MessageTableViewCell.xib in Resources */,
				2DEFE5A625C0C376009E61C2 /* squeeze-toy-1.mp3 in Resources */,
				2DEFE5B025C15A0B009E61C2 /* HumanInterface.storyboard in Resources */,
				2DFD102025AF8AA40041E21B /* LaunchScreen.storyboard in Resources */,
				2DEFE5A725C0C376009E61C2 /* midnight-ride-01a.mp3 in Resources */,
				2DEFE5A825C0C376009E61C2 /* son.mp3 in Resources */,
				2DFD101D25AF8AA40041E21B /* Assets.xcassets in Resources */,
				2DFD101B25AF8AA40041E21B /* Main.storyboard in Resources */,
			);
			runOnlyForDeploymentPostprocessing = 0;
		};
/* End PBXResourcesBuildPhase section */

/* Begin PBXSourcesBuildPhase section */
		2DFD100C25AF8AA40041E21B /* Sources */ = {
			isa = PBXSourcesBuildPhase;
			buildActionMask = 2147483647;
			files = (
				2DE0E11425C4C21E00FC49E9 /* ScoreModel.swift in Sources */,
				2DE0E11725C4C39400FC49E9 /* PreferenceManager.swift in Sources */,
				2DFD101825AF8AA40041E21B /* WelcomeViewController.swift in Sources */,
				2DE0E11325C4C21E00FC49E9 /* ScoreView.swift in Sources */,
				2DE0E11F25C512CA00FC49E9 /* NetworkManager.swift in Sources */,
				2DFD101425AF8AA40041E21B /* AppDelegate.swift in Sources */,
				2DE0E12825C512E800FC49E9 /* MessageTableViewCell.swift in Sources */,
				2DFD103F25AFA9690041E21B /* MessageViewController.swift in Sources */,
				2D3B946F25B975B300750421 /* HumanInterface.swift in Sources */,
				2D3C840025B3816B009394F2 /* ModelRoad.swift in Sources */,
				2DE0E12925C512E800FC49E9 /* MessageModel.swift in Sources */,
				2DE0E12725C512E800FC49E9 /* ChatViewController.swift in Sources */,
				2DFD104225AFA96F0041E21B /* MessageView.swift in Sources */,
				2DFD101625AF8AA40041E21B /* SceneDelegate.swift in Sources */,
				2D50664225C0467D007EEAFF /* GestureManager.swift in Sources */,
				CCE2A75525C483B000D1062D /* SettingsView.swift in Sources */,
				2DFD102A25AF8B1B0041E21B /* WelcomeView.swift in Sources */,
				2DFD103125AF8FD60041E21B /* GameViewController.swift in Sources */,
				2DFD102E25AF8E940041E21B /* GameView.swift in Sources */,
				2DEFE5AC25C10903009E61C2 /* MotionManager.swift in Sources */,
				2DE0E11125C4C21E00FC49E9 /* ScoreViewController.swift in Sources */,
				2D3F64B925BA37A40061D108 /* 3DRoadModel.swift in Sources */,
				2DE0E11225C4C21E00FC49E9 /* ScoreDataObject.swift in Sources */,
				2D3F64BE25BA42480061D108 /* 3DRoadViewController.swift in Sources */,
				2DEFE59925C0C17A009E61C2 /* SoundManager.swift in Sources */,
			);
			runOnlyForDeploymentPostprocessing = 0;
		};
/* End PBXSourcesBuildPhase section */

/* Begin PBXVariantGroup section */
		2DFD101925AF8AA40041E21B /* Main.storyboard */ = {
			isa = PBXVariantGroup;
			children = (
				2DFD101A25AF8AA40041E21B /* Base */,
			);
			name = Main.storyboard;
			sourceTree = "<group>";
		};
		2DFD101E25AF8AA40041E21B /* LaunchScreen.storyboard */ = {
			isa = PBXVariantGroup;
			children = (
				2DFD101F25AF8AA40041E21B /* Base */,
			);
			name = LaunchScreen.storyboard;
			sourceTree = "<group>";
		};
/* End PBXVariantGroup section */

/* Begin XCBuildConfiguration section */
		2DFD102225AF8AA40041E21B /* Debug */ = {
			isa = XCBuildConfiguration;
			buildSettings = {
				ALWAYS_SEARCH_USER_PATHS = NO;
				CLANG_ANALYZER_NONNULL = YES;
				CLANG_ANALYZER_NUMBER_OBJECT_CONVERSION = YES_AGGRESSIVE;
				CLANG_CXX_LANGUAGE_STANDARD = "gnu++14";
				CLANG_CXX_LIBRARY = "libc++";
				CLANG_ENABLE_MODULES = YES;
				CLANG_ENABLE_OBJC_ARC = YES;
				CLANG_ENABLE_OBJC_WEAK = YES;
				CLANG_WARN_BLOCK_CAPTURE_AUTORELEASING = YES;
				CLANG_WARN_BOOL_CONVERSION = YES;
				CLANG_WARN_COMMA = YES;
				CLANG_WARN_CONSTANT_CONVERSION = YES;
				CLANG_WARN_DEPRECATED_OBJC_IMPLEMENTATIONS = YES;
				CLANG_WARN_DIRECT_OBJC_ISA_USAGE = YES_ERROR;
				CLANG_WARN_DOCUMENTATION_COMMENTS = YES;
				CLANG_WARN_EMPTY_BODY = YES;
				CLANG_WARN_ENUM_CONVERSION = YES;
				CLANG_WARN_INFINITE_RECURSION = YES;
				CLANG_WARN_INT_CONVERSION = YES;
				CLANG_WARN_NON_LITERAL_NULL_CONVERSION = YES;
				CLANG_WARN_OBJC_IMPLICIT_RETAIN_SELF = YES;
				CLANG_WARN_OBJC_LITERAL_CONVERSION = YES;
				CLANG_WARN_OBJC_ROOT_CLASS = YES_ERROR;
				CLANG_WARN_QUOTED_INCLUDE_IN_FRAMEWORK_HEADER = YES;
				CLANG_WARN_RANGE_LOOP_ANALYSIS = YES;
				CLANG_WARN_STRICT_PROTOTYPES = YES;
				CLANG_WARN_SUSPICIOUS_MOVE = YES;
				CLANG_WARN_UNGUARDED_AVAILABILITY = YES_AGGRESSIVE;
				CLANG_WARN_UNREACHABLE_CODE = YES;
				CLANG_WARN__DUPLICATE_METHOD_MATCH = YES;
				COPY_PHASE_STRIP = NO;
				DEBUG_INFORMATION_FORMAT = dwarf;
				ENABLE_STRICT_OBJC_MSGSEND = YES;
				ENABLE_TESTABILITY = YES;
				GCC_C_LANGUAGE_STANDARD = gnu11;
				GCC_DYNAMIC_NO_PIC = NO;
				GCC_NO_COMMON_BLOCKS = YES;
				GCC_OPTIMIZATION_LEVEL = 0;
				GCC_PREPROCESSOR_DEFINITIONS = (
					"DEBUG=1",
					"$(inherited)",
				);
				GCC_WARN_64_TO_32_BIT_CONVERSION = YES;
				GCC_WARN_ABOUT_RETURN_TYPE = YES_ERROR;
				GCC_WARN_UNDECLARED_SELECTOR = YES;
				GCC_WARN_UNINITIALIZED_AUTOS = YES_AGGRESSIVE;
				GCC_WARN_UNUSED_FUNCTION = YES;
				GCC_WARN_UNUSED_VARIABLE = YES;
				IPHONEOS_DEPLOYMENT_TARGET = 14.3;
				MTL_ENABLE_DEBUG_INFO = INCLUDE_SOURCE;
				MTL_FAST_MATH = YES;
				ONLY_ACTIVE_ARCH = YES;
				SDKROOT = iphoneos;
				SWIFT_ACTIVE_COMPILATION_CONDITIONS = DEBUG;
				SWIFT_OPTIMIZATION_LEVEL = "-Onone";
			};
			name = Debug;
		};
		2DFD102325AF8AA40041E21B /* Release */ = {
			isa = XCBuildConfiguration;
			buildSettings = {
				ALWAYS_SEARCH_USER_PATHS = NO;
				CLANG_ANALYZER_NONNULL = YES;
				CLANG_ANALYZER_NUMBER_OBJECT_CONVERSION = YES_AGGRESSIVE;
				CLANG_CXX_LANGUAGE_STANDARD = "gnu++14";
				CLANG_CXX_LIBRARY = "libc++";
				CLANG_ENABLE_MODULES = YES;
				CLANG_ENABLE_OBJC_ARC = YES;
				CLANG_ENABLE_OBJC_WEAK = YES;
				CLANG_WARN_BLOCK_CAPTURE_AUTORELEASING = YES;
				CLANG_WARN_BOOL_CONVERSION = YES;
				CLANG_WARN_COMMA = YES;
				CLANG_WARN_CONSTANT_CONVERSION = YES;
				CLANG_WARN_DEPRECATED_OBJC_IMPLEMENTATIONS = YES;
				CLANG_WARN_DIRECT_OBJC_ISA_USAGE = YES_ERROR;
				CLANG_WARN_DOCUMENTATION_COMMENTS = YES;
				CLANG_WARN_EMPTY_BODY = YES;
				CLANG_WARN_ENUM_CONVERSION = YES;
				CLANG_WARN_INFINITE_RECURSION = YES;
				CLANG_WARN_INT_CONVERSION = YES;
				CLANG_WARN_NON_LITERAL_NULL_CONVERSION = YES;
				CLANG_WARN_OBJC_IMPLICIT_RETAIN_SELF = YES;
				CLANG_WARN_OBJC_LITERAL_CONVERSION = YES;
				CLANG_WARN_OBJC_ROOT_CLASS = YES_ERROR;
				CLANG_WARN_QUOTED_INCLUDE_IN_FRAMEWORK_HEADER = YES;
				CLANG_WARN_RANGE_LOOP_ANALYSIS = YES;
				CLANG_WARN_STRICT_PROTOTYPES = YES;
				CLANG_WARN_SUSPICIOUS_MOVE = YES;
				CLANG_WARN_UNGUARDED_AVAILABILITY = YES_AGGRESSIVE;
				CLANG_WARN_UNREACHABLE_CODE = YES;
				CLANG_WARN__DUPLICATE_METHOD_MATCH = YES;
				COPY_PHASE_STRIP = NO;
				DEBUG_INFORMATION_FORMAT = "dwarf-with-dsym";
				ENABLE_NS_ASSERTIONS = NO;
				ENABLE_STRICT_OBJC_MSGSEND = YES;
				GCC_C_LANGUAGE_STANDARD = gnu11;
				GCC_NO_COMMON_BLOCKS = YES;
				GCC_WARN_64_TO_32_BIT_CONVERSION = YES;
				GCC_WARN_ABOUT_RETURN_TYPE = YES_ERROR;
				GCC_WARN_UNDECLARED_SELECTOR = YES;
				GCC_WARN_UNINITIALIZED_AUTOS = YES_AGGRESSIVE;
				GCC_WARN_UNUSED_FUNCTION = YES;
				GCC_WARN_UNUSED_VARIABLE = YES;
				IPHONEOS_DEPLOYMENT_TARGET = 14.3;
				MTL_ENABLE_DEBUG_INFO = NO;
				MTL_FAST_MATH = YES;
				SDKROOT = iphoneos;
				SWIFT_COMPILATION_MODE = wholemodule;
				SWIFT_OPTIMIZATION_LEVEL = "-O";
				VALIDATE_PRODUCT = YES;
			};
			name = Release;
		};
		2DFD102525AF8AA40041E21B /* Debug */ = {
			isa = XCBuildConfiguration;
			buildSettings = {
				ASSETCATALOG_COMPILER_APPICON_NAME = AppIcon;
				ASSETCATALOG_COMPILER_GLOBAL_ACCENT_COLOR_NAME = AccentColor;
				CODE_SIGN_STYLE = Automatic;
				DEVELOPMENT_TEAM = 3GQ28S3332;
				INFOPLIST_FILE = "projet-ppm/Info.plist";
				IPHONEOS_DEPLOYMENT_TARGET = 13.4;
				LD_RUNPATH_SEARCH_PATHS = (
					"$(inherited)",
					"@executable_path/Frameworks",
				);
				LIBRARY_SEARCH_PATHS = (
					"$(inherited)",
					"$(SDKROOT)/usr/lib/swift",
				);
				PRODUCT_BUNDLE_IDENTIFIER = "ramzi.projet-ppm";
				PRODUCT_NAME = "$(TARGET_NAME)";
				SWIFT_VERSION = 5.0;
				TARGETED_DEVICE_FAMILY = "1,2";
			};
			name = Debug;
		};
		2DFD102625AF8AA40041E21B /* Release */ = {
			isa = XCBuildConfiguration;
			buildSettings = {
				ASSETCATALOG_COMPILER_APPICON_NAME = AppIcon;
				ASSETCATALOG_COMPILER_GLOBAL_ACCENT_COLOR_NAME = AccentColor;
				CODE_SIGN_STYLE = Automatic;
				DEVELOPMENT_TEAM = 3GQ28S3332;
				INFOPLIST_FILE = "projet-ppm/Info.plist";
				IPHONEOS_DEPLOYMENT_TARGET = 13.4;
				LD_RUNPATH_SEARCH_PATHS = (
					"$(inherited)",
					"@executable_path/Frameworks",
				);
				LIBRARY_SEARCH_PATHS = (
					"$(inherited)",
					"$(SDKROOT)/usr/lib/swift",
				);
				PRODUCT_BUNDLE_IDENTIFIER = "ramzi.projet-ppm";
				PRODUCT_NAME = "$(TARGET_NAME)";
				SWIFT_VERSION = 5.0;
				TARGETED_DEVICE_FAMILY = "1,2";
			};
			name = Release;
		};
/* End XCBuildConfiguration section */

/* Begin XCConfigurationList section */
		2DFD100B25AF8AA40041E21B /* Build configuration list for PBXProject "projet-ppm" */ = {
			isa = XCConfigurationList;
			buildConfigurations = (
				2DFD102225AF8AA40041E21B /* Debug */,
				2DFD102325AF8AA40041E21B /* Release */,
			);
			defaultConfigurationIsVisible = 0;
			defaultConfigurationName = Release;
		};
		2DFD102425AF8AA40041E21B /* Build configuration list for PBXNativeTarget "projet-ppm" */ = {
			isa = XCConfigurationList;
			buildConfigurations = (
				2DFD102525AF8AA40041E21B /* Debug */,
				2DFD102625AF8AA40041E21B /* Release */,
			);
			defaultConfigurationIsVisible = 0;
			defaultConfigurationName = Release;
		};
/* End XCConfigurationList section */
	};
	rootObject = 2DFD100825AF8AA40041E21B /* Project object */;
}
